// !$*UTF8*$!
{
	archiveVersion = 1;
	classes = {
	};
	objectVersion = 46;
	objects = {

/* Begin PBXBuildFile section */
		08BC2DA0EECE70EAF04C48C5 /* Pods_SampleReferenceProject.framework in Frameworks */ = {isa = PBXBuildFile; fileRef = A8E7641879453CCBA6F788B9 /* Pods_SampleReferenceProject.framework */; };
		1D6713DD1E8A6AE800561EFC /* AccountsViewController.swift in Sources */ = {isa = PBXBuildFile; fileRef = 1D6713DC1E8A6AE800561EFC /* AccountsViewController.swift */; };
		1D6713F61E8A6AF800561EFC /* CafesCollectionViewCell.swift in Sources */ = {isa = PBXBuildFile; fileRef = 1D6713E11E8A6AF800561EFC /* CafesCollectionViewCell.swift */; };
		1D6713F71E8A6AF800561EFC /* CafesCollectionViewCell.xib in Resources */ = {isa = PBXBuildFile; fileRef = 1D6713E21E8A6AF800561EFC /* CafesCollectionViewCell.xib */; };
		1D6713F81E8A6AF800561EFC /* DineRestuarantsCollectionViewCell.swift in Sources */ = {isa = PBXBuildFile; fileRef = 1D6713E31E8A6AF800561EFC /* DineRestuarantsCollectionViewCell.swift */; };
		1D6713F91E8A6AF800561EFC /* DineRestuarantsCollectionViewCell.xib in Resources */ = {isa = PBXBuildFile; fileRef = 1D6713E41E8A6AF800561EFC /* DineRestuarantsCollectionViewCell.xib */; };
		1D6713FA1E8A6AF800561EFC /* RecommendedCollectionViewCell.swift in Sources */ = {isa = PBXBuildFile; fileRef = 1D6713E51E8A6AF800561EFC /* RecommendedCollectionViewCell.swift */; };
		1D6713FB1E8A6AF800561EFC /* RecommendedCollectionViewCell.xib in Resources */ = {isa = PBXBuildFile; fileRef = 1D6713E61E8A6AF800561EFC /* RecommendedCollectionViewCell.xib */; };
		1D6713FC1E8A6AF800561EFC /* FifthDineRestaurantsTableViewCell.swift in Sources */ = {isa = PBXBuildFile; fileRef = 1D6713EA1E8A6AF800561EFC /* FifthDineRestaurantsTableViewCell.swift */; };
		1D6713FD1E8A6AF800561EFC /* FifthDineRestaurantsTableViewCell.xib in Resources */ = {isa = PBXBuildFile; fileRef = 1D6713EB1E8A6AF800561EFC /* FifthDineRestaurantsTableViewCell.xib */; };
		1D6713FE1E8A6AF800561EFC /* FirstOrderNBrowseTableViewCell.swift in Sources */ = {isa = PBXBuildFile; fileRef = 1D6713EC1E8A6AF800561EFC /* FirstOrderNBrowseTableViewCell.swift */; };
		1D6713FF1E8A6AF800561EFC /* FirstOrderNBrowseTableViewCell.xib in Resources */ = {isa = PBXBuildFile; fileRef = 1D6713ED1E8A6AF800561EFC /* FirstOrderNBrowseTableViewCell.xib */; };
		1D6714001E8A6AF800561EFC /* FourthDeliveryRestaurantsTableViewCell.swift in Sources */ = {isa = PBXBuildFile; fileRef = 1D6713EE1E8A6AF800561EFC /* FourthDeliveryRestaurantsTableViewCell.swift */; };
		1D6714011E8A6AF800561EFC /* FourthDeliveryRestaurantsTableViewCell.xib in Resources */ = {isa = PBXBuildFile; fileRef = 1D6713EF1E8A6AF800561EFC /* FourthDeliveryRestaurantsTableViewCell.xib */; };
		1D6714021E8A6AF800561EFC /* SecondRecommendedTableViewCell.swift in Sources */ = {isa = PBXBuildFile; fileRef = 1D6713F01E8A6AF800561EFC /* SecondRecommendedTableViewCell.swift */; };
		1D6714031E8A6AF800561EFC /* SecondRecommendedTableViewCell.xib in Resources */ = {isa = PBXBuildFile; fileRef = 1D6713F11E8A6AF800561EFC /* SecondRecommendedTableViewCell.xib */; };
		1D6714041E8A6AF800561EFC /* SixthDessertsTableViewCell.swift in Sources */ = {isa = PBXBuildFile; fileRef = 1D6713F21E8A6AF800561EFC /* SixthDessertsTableViewCell.swift */; };
		1D6714051E8A6AF800561EFC /* SixthDessertsTableViewCell.xib in Resources */ = {isa = PBXBuildFile; fileRef = 1D6713F31E8A6AF800561EFC /* SixthDessertsTableViewCell.xib */; };
		1D6714061E8A6AF800561EFC /* ThirdCafesTableViewCell.swift in Sources */ = {isa = PBXBuildFile; fileRef = 1D6713F41E8A6AF800561EFC /* ThirdCafesTableViewCell.swift */; };
		1D6714071E8A6AF800561EFC /* ThirdCafesTableViewCell.xib in Resources */ = {isa = PBXBuildFile; fileRef = 1D6713F51E8A6AF800561EFC /* ThirdCafesTableViewCell.xib */; };
		1D6714151E8A8ABC00561EFC /* SectionMenuTableViewCell.swift in Sources */ = {isa = PBXBuildFile; fileRef = 1D6714141E8A8ABC00561EFC /* SectionMenuTableViewCell.swift */; };
		1D6714171E8A8B3100561EFC /* HeaderTableViewCell.swift in Sources */ = {isa = PBXBuildFile; fileRef = 1D6714161E8A8B3100561EFC /* HeaderTableViewCell.swift */; };
		1DD25A6E1E8223CB007F0BFF /* SampleReferenceProject.xcdatamodeld in Sources */ = {isa = PBXBuildFile; fileRef = 1DD25A6C1E8223CB007F0BFF /* SampleReferenceProject.xcdatamodeld */; };
		1DD25A701E8223CB007F0BFF /* Assets.xcassets in Resources */ = {isa = PBXBuildFile; fileRef = 1DD25A6F1E8223CB007F0BFF /* Assets.xcassets */; };
		1DD25A8F1E822E00007F0BFF /* AppDelegate.swift in Sources */ = {isa = PBXBuildFile; fileRef = 1DD25A811E822E00007F0BFF /* AppDelegate.swift */; };
		1DD25A901E822E00007F0BFF /* ViewController.swift in Sources */ = {isa = PBXBuildFile; fileRef = 1DD25A881E822E00007F0BFF /* ViewController.swift */; };
		1DD25A911E822E00007F0BFF /* LaunchScreen.storyboard in Resources */ = {isa = PBXBuildFile; fileRef = 1DD25A8C1E822E00007F0BFF /* LaunchScreen.storyboard */; };
		1DD25A921E822E00007F0BFF /* Main.storyboard in Resources */ = {isa = PBXBuildFile; fileRef = 1DD25A8E1E822E00007F0BFF /* Main.storyboard */; };
		1DD25A941E822E2C007F0BFF /* enums.swift in Sources */ = {isa = PBXBuildFile; fileRef = 1DD25A931E822E2C007F0BFF /* enums.swift */; };
		1DD25A961E822E37007F0BFF /* validation.swift in Sources */ = {isa = PBXBuildFile; fileRef = 1DD25A951E822E37007F0BFF /* validation.swift */; };
		1DD25A9F1E825611007F0BFF /* AlertSwitch.swift in Sources */ = {isa = PBXBuildFile; fileRef = 1DD25A9E1E825611007F0BFF /* AlertSwitch.swift */; };
		1DD25AA11E825617007F0BFF /* AlertEnums.swift in Sources */ = {isa = PBXBuildFile; fileRef = 1DD25AA01E825617007F0BFF /* AlertEnums.swift */; };
		1DE0CD051E8401DC003C1136 /* ZFRippleButton.swift in Sources */ = {isa = PBXBuildFile; fileRef = 1DE0CD041E8401DC003C1136 /* ZFRippleButton.swift */; };
/* End PBXBuildFile section */

/* Begin PBXFileReference section */
		1D6713DC1E8A6AE800561EFC /* AccountsViewController.swift */ = {isa = PBXFileReference; fileEncoding = 4; lastKnownFileType = sourcecode.swift; path = AccountsViewController.swift; sourceTree = "<group>"; };
		1D6713E11E8A6AF800561EFC /* CafesCollectionViewCell.swift */ = {isa = PBXFileReference; fileEncoding = 4; lastKnownFileType = sourcecode.swift; path = CafesCollectionViewCell.swift; sourceTree = "<group>"; };
		1D6713E21E8A6AF800561EFC /* CafesCollectionViewCell.xib */ = {isa = PBXFileReference; fileEncoding = 4; lastKnownFileType = file.xib; path = CafesCollectionViewCell.xib; sourceTree = "<group>"; };
		1D6713E31E8A6AF800561EFC /* DineRestuarantsCollectionViewCell.swift */ = {isa = PBXFileReference; fileEncoding = 4; lastKnownFileType = sourcecode.swift; path = DineRestuarantsCollectionViewCell.swift; sourceTree = "<group>"; };
		1D6713E41E8A6AF800561EFC /* DineRestuarantsCollectionViewCell.xib */ = {isa = PBXFileReference; fileEncoding = 4; lastKnownFileType = file.xib; path = DineRestuarantsCollectionViewCell.xib; sourceTree = "<group>"; };
		1D6713E51E8A6AF800561EFC /* RecommendedCollectionViewCell.swift */ = {isa = PBXFileReference; fileEncoding = 4; lastKnownFileType = sourcecode.swift; path = RecommendedCollectionViewCell.swift; sourceTree = "<group>"; };
		1D6713E61E8A6AF800561EFC /* RecommendedCollectionViewCell.xib */ = {isa = PBXFileReference; fileEncoding = 4; lastKnownFileType = file.xib; path = RecommendedCollectionViewCell.xib; sourceTree = "<group>"; };
		1D6713EA1E8A6AF800561EFC /* FifthDineRestaurantsTableViewCell.swift */ = {isa = PBXFileReference; fileEncoding = 4; lastKnownFileType = sourcecode.swift; path = FifthDineRestaurantsTableViewCell.swift; sourceTree = "<group>"; };
		1D6713EB1E8A6AF800561EFC /* FifthDineRestaurantsTableViewCell.xib */ = {isa = PBXFileReference; fileEncoding = 4; lastKnownFileType = file.xib; path = FifthDineRestaurantsTableViewCell.xib; sourceTree = "<group>"; };
		1D6713EC1E8A6AF800561EFC /* FirstOrderNBrowseTableViewCell.swift */ = {isa = PBXFileReference; fileEncoding = 4; lastKnownFileType = sourcecode.swift; path = FirstOrderNBrowseTableViewCell.swift; sourceTree = "<group>"; };
		1D6713ED1E8A6AF800561EFC /* FirstOrderNBrowseTableViewCell.xib */ = {isa = PBXFileReference; fileEncoding = 4; lastKnownFileType = file.xib; path = FirstOrderNBrowseTableViewCell.xib; sourceTree = "<group>"; };
		1D6713EE1E8A6AF800561EFC /* FourthDeliveryRestaurantsTableViewCell.swift */ = {isa = PBXFileReference; fileEncoding = 4; lastKnownFileType = sourcecode.swift; path = FourthDeliveryRestaurantsTableViewCell.swift; sourceTree = "<group>"; };
		1D6713EF1E8A6AF800561EFC /* FourthDeliveryRestaurantsTableViewCell.xib */ = {isa = PBXFileReference; fileEncoding = 4; lastKnownFileType = file.xib; path = FourthDeliveryRestaurantsTableViewCell.xib; sourceTree = "<group>"; };
		1D6713F01E8A6AF800561EFC /* SecondRecommendedTableViewCell.swift */ = {isa = PBXFileReference; fileEncoding = 4; lastKnownFileType = sourcecode.swift; path = SecondRecommendedTableViewCell.swift; sourceTree = "<group>"; };
		1D6713F11E8A6AF800561EFC /* SecondRecommendedTableViewCell.xib */ = {isa = PBXFileReference; fileEncoding = 4; lastKnownFileType = file.xib; path = SecondRecommendedTableViewCell.xib; sourceTree = "<group>"; };
		1D6713F21E8A6AF800561EFC /* SixthDessertsTableViewCell.swift */ = {isa = PBXFileReference; fileEncoding = 4; lastKnownFileType = sourcecode.swift; path = SixthDessertsTableViewCell.swift; sourceTree = "<group>"; };
		1D6713F31E8A6AF800561EFC /* SixthDessertsTableViewCell.xib */ = {isa = PBXFileReference; fileEncoding = 4; lastKnownFileType = file.xib; path = SixthDessertsTableViewCell.xib; sourceTree = "<group>"; };
		1D6713F41E8A6AF800561EFC /* ThirdCafesTableViewCell.swift */ = {isa = PBXFileReference; fileEncoding = 4; lastKnownFileType = sourcecode.swift; path = ThirdCafesTableViewCell.swift; sourceTree = "<group>"; };
		1D6713F51E8A6AF800561EFC /* ThirdCafesTableViewCell.xib */ = {isa = PBXFileReference; fileEncoding = 4; lastKnownFileType = file.xib; path = ThirdCafesTableViewCell.xib; sourceTree = "<group>"; };
		1D6714141E8A8ABC00561EFC /* SectionMenuTableViewCell.swift */ = {isa = PBXFileReference; fileEncoding = 4; lastKnownFileType = sourcecode.swift; path = SectionMenuTableViewCell.swift; sourceTree = "<group>"; };
		1D6714161E8A8B3100561EFC /* HeaderTableViewCell.swift */ = {isa = PBXFileReference; fileEncoding = 4; lastKnownFileType = sourcecode.swift; path = HeaderTableViewCell.swift; sourceTree = "<group>"; };
		1DD25A621E8223CB007F0BFF /* SampleReferenceProject.app */ = {isa = PBXFileReference; explicitFileType = wrapper.application; includeInIndex = 0; path = SampleReferenceProject.app; sourceTree = BUILT_PRODUCTS_DIR; };
		1DD25A6D1E8223CB007F0BFF /* SampleReferenceProject.xcdatamodel */ = {isa = PBXFileReference; lastKnownFileType = wrapper.xcdatamodel; path = SampleReferenceProject.xcdatamodel; sourceTree = "<group>"; };
		1DD25A6F1E8223CB007F0BFF /* Assets.xcassets */ = {isa = PBXFileReference; lastKnownFileType = folder.assetcatalog; path = Assets.xcassets; sourceTree = "<group>"; };
		1DD25A7E1E8228FE007F0BFF /* Info.plist */ = {isa = PBXFileReference; fileEncoding = 4; lastKnownFileType = text.plist.xml; path = Info.plist; sourceTree = "<group>"; };
		1DD25A811E822E00007F0BFF /* AppDelegate.swift */ = {isa = PBXFileReference; fileEncoding = 4; lastKnownFileType = sourcecode.swift; path = AppDelegate.swift; sourceTree = "<group>"; };
		1DD25A881E822E00007F0BFF /* ViewController.swift */ = {isa = PBXFileReference; fileEncoding = 4; lastKnownFileType = sourcecode.swift; path = ViewController.swift; sourceTree = "<group>"; };
		1DD25A8C1E822E00007F0BFF /* LaunchScreen.storyboard */ = {isa = PBXFileReference; fileEncoding = 4; lastKnownFileType = file.storyboard; path = LaunchScreen.storyboard; sourceTree = "<group>"; };
		1DD25A8E1E822E00007F0BFF /* Main.storyboard */ = {isa = PBXFileReference; fileEncoding = 4; lastKnownFileType = file.storyboard; path = Main.storyboard; sourceTree = "<group>"; };
		1DD25A931E822E2C007F0BFF /* enums.swift */ = {isa = PBXFileReference; fileEncoding = 4; lastKnownFileType = sourcecode.swift; path = enums.swift; sourceTree = "<group>"; };
		1DD25A951E822E37007F0BFF /* validation.swift */ = {isa = PBXFileReference; fileEncoding = 4; lastKnownFileType = sourcecode.swift; path = validation.swift; sourceTree = "<group>"; };
		1DD25A9E1E825611007F0BFF /* AlertSwitch.swift */ = {isa = PBXFileReference; fileEncoding = 4; lastKnownFileType = sourcecode.swift; path = AlertSwitch.swift; sourceTree = "<group>"; };
		1DD25AA01E825617007F0BFF /* AlertEnums.swift */ = {isa = PBXFileReference; fileEncoding = 4; lastKnownFileType = sourcecode.swift; path = AlertEnums.swift; sourceTree = "<group>"; };
		1DE0CD041E8401DC003C1136 /* ZFRippleButton.swift */ = {isa = PBXFileReference; fileEncoding = 4; lastKnownFileType = sourcecode.swift; path = ZFRippleButton.swift; sourceTree = "<group>"; };
		503B1C1E5A8906E3A30632DC /* Pods-SampleReferenceProject.debug.xcconfig */ = {isa = PBXFileReference; includeInIndex = 1; lastKnownFileType = text.xcconfig; name = "Pods-SampleReferenceProject.debug.xcconfig"; path = "Pods/Target Support Files/Pods-SampleReferenceProject/Pods-SampleReferenceProject.debug.xcconfig"; sourceTree = "<group>"; };
		A8E7641879453CCBA6F788B9 /* Pods_SampleReferenceProject.framework */ = {isa = PBXFileReference; explicitFileType = wrapper.framework; includeInIndex = 0; path = Pods_SampleReferenceProject.framework; sourceTree = BUILT_PRODUCTS_DIR; };
		E2C17A434ABD78752EF17E57 /* Pods-SampleReferenceProject.release.xcconfig */ = {isa = PBXFileReference; includeInIndex = 1; lastKnownFileType = text.xcconfig; name = "Pods-SampleReferenceProject.release.xcconfig"; path = "Pods/Target Support Files/Pods-SampleReferenceProject/Pods-SampleReferenceProject.release.xcconfig"; sourceTree = "<group>"; };
/* End PBXFileReference section */

/* Begin PBXFrameworksBuildPhase section */
		1DD25A5F1E8223CA007F0BFF /* Frameworks */ = {
			isa = PBXFrameworksBuildPhase;
			buildActionMask = 2147483647;
			files = (
				08BC2DA0EECE70EAF04C48C5 /* Pods_SampleReferenceProject.framework in Frameworks */,
			);
			runOnlyForDeploymentPostprocessing = 0;
		};
/* End PBXFrameworksBuildPhase section */

/* Begin PBXGroup section */
		1D6713DB1E8A6AE800561EFC /* Accounts */ = {
			isa = PBXGroup;
			children = (
				1D6713DC1E8A6AE800561EFC /* AccountsViewController.swift */,
			);
			path = Accounts;
			sourceTree = "<group>";
		};
		1D6713DE1E8A6AF800561EFC /* CollectionCells */ = {
			isa = PBXGroup;
			children = (
				1D6713DF1E8A6AF800561EFC /* Accounts */,
				1D6713E01E8A6AF800561EFC /* Home */,
			);
			path = CollectionCells;
			sourceTree = "<group>";
		};
		1D6713DF1E8A6AF800561EFC /* Accounts */ = {
			isa = PBXGroup;
			children = (
			);
			path = Accounts;
			sourceTree = "<group>";
		};
		1D6713E01E8A6AF800561EFC /* Home */ = {
			isa = PBXGroup;
			children = (
				1D6713E11E8A6AF800561EFC /* CafesCollectionViewCell.swift */,
				1D6713E21E8A6AF800561EFC /* CafesCollectionViewCell.xib */,
				1D6713E31E8A6AF800561EFC /* DineRestuarantsCollectionViewCell.swift */,
				1D6713E41E8A6AF800561EFC /* DineRestuarantsCollectionViewCell.xib */,
				1D6713E51E8A6AF800561EFC /* RecommendedCollectionViewCell.swift */,
				1D6713E61E8A6AF800561EFC /* RecommendedCollectionViewCell.xib */,
			);
			path = Home;
			sourceTree = "<group>";
		};
		1D6713E71E8A6AF800561EFC /* TableCells */ = {
			isa = PBXGroup;
			children = (
				1D6713E81E8A6AF800561EFC /* Accounts */,
				1D6713E91E8A6AF800561EFC /* Home */,
			);
			path = TableCells;
			sourceTree = "<group>";
		};
		1D6713E81E8A6AF800561EFC /* Accounts */ = {
			isa = PBXGroup;
			children = (
				1D6714141E8A8ABC00561EFC /* SectionMenuTableViewCell.swift */,
				1D6714161E8A8B3100561EFC /* HeaderTableViewCell.swift */,
			);
			path = Accounts;
			sourceTree = "<group>";
		};
		1D6713E91E8A6AF800561EFC /* Home */ = {
			isa = PBXGroup;
			children = (
				1D6713EC1E8A6AF800561EFC /* FirstOrderNBrowseTableViewCell.swift */,
				1D6713ED1E8A6AF800561EFC /* FirstOrderNBrowseTableViewCell.xib */,
				1D6713F01E8A6AF800561EFC /* SecondRecommendedTableViewCell.swift */,
				1D6713F11E8A6AF800561EFC /* SecondRecommendedTableViewCell.xib */,
				1D6713F41E8A6AF800561EFC /* ThirdCafesTableViewCell.swift */,
				1D6713F51E8A6AF800561EFC /* ThirdCafesTableViewCell.xib */,
				1D6713EA1E8A6AF800561EFC /* FifthDineRestaurantsTableViewCell.swift */,
				1D6713EB1E8A6AF800561EFC /* FifthDineRestaurantsTableViewCell.xib */,
				1D6713EE1E8A6AF800561EFC /* FourthDeliveryRestaurantsTableViewCell.swift */,
				1D6713EF1E8A6AF800561EFC /* FourthDeliveryRestaurantsTableViewCell.xib */,
				1D6713F21E8A6AF800561EFC /* SixthDessertsTableViewCell.swift */,
				1D6713F31E8A6AF800561EFC /* SixthDessertsTableViewCell.xib */,
			);
			path = Home;
			sourceTree = "<group>";
		};
		1DD25A591E8223CA007F0BFF = {
			isa = PBXGroup;
			children = (
				1DD25A641E8223CB007F0BFF /* SampleReferenceProject */,
				1DD25A631E8223CB007F0BFF /* Products */,
				DB1531A189CFC3207BE87466 /* Pods */,
				726F90A60B0D083731E476E1 /* Frameworks */,
			);
			sourceTree = "<group>";
		};
		1DD25A631E8223CB007F0BFF /* Products */ = {
			isa = PBXGroup;
			children = (
				1DD25A621E8223CB007F0BFF /* SampleReferenceProject.app */,
			);
			name = Products;
			sourceTree = "<group>";
		};
		1DD25A641E8223CB007F0BFF /* SampleReferenceProject */ = {
			isa = PBXGroup;
			children = (
				1DE0CD021E8401DC003C1136 /* Classes */,
				1DD25A971E822E8A007F0BFF /* APIHandler */,
				1DD25A801E822E00007F0BFF /* AppDelegate */,
				1DD25A821E822E00007F0BFF /* CommonFunctions */,
				1DD25A851E822E00007F0BFF /* MVC */,
				1DEFB5A81E8A0E120073BE43 /* Cells */,
				1DD25A7D1E8228FE007F0BFF /* SupportingFiles */,
				1DD25A6F1E8223CB007F0BFF /* Assets.xcassets */,
				1DD25A6C1E8223CB007F0BFF /* SampleReferenceProject.xcdatamodeld */,
			);
			path = SampleReferenceProject;
			sourceTree = "<group>";
		};
		1DD25A7D1E8228FE007F0BFF /* SupportingFiles */ = {
			isa = PBXGroup;
			children = (
				1DD25A7E1E8228FE007F0BFF /* Info.plist */,
			);
			path = SupportingFiles;
			sourceTree = "<group>";
		};
		1DD25A801E822E00007F0BFF /* AppDelegate */ = {
			isa = PBXGroup;
			children = (
				1DD25A811E822E00007F0BFF /* AppDelegate.swift */,
			);
			path = AppDelegate;
			sourceTree = "<group>";
		};
		1DD25A821E822E00007F0BFF /* CommonFunctions */ = {
			isa = PBXGroup;
			children = (
				1DD25A9D1E825611007F0BFF /* Alerts */,
				1DD25A831E822E00007F0BFF /* Enums */,
				1DD25A841E822E00007F0BFF /* Validation */,
			);
			path = CommonFunctions;
			sourceTree = "<group>";
		};
		1DD25A831E822E00007F0BFF /* Enums */ = {
			isa = PBXGroup;
			children = (
				1DD25AA01E825617007F0BFF /* AlertEnums.swift */,
				1DD25A931E822E2C007F0BFF /* enums.swift */,
			);
			path = Enums;
			sourceTree = "<group>";
		};
		1DD25A841E822E00007F0BFF /* Validation */ = {
			isa = PBXGroup;
			children = (
				1DD25A951E822E37007F0BFF /* validation.swift */,
			);
			path = Validation;
			sourceTree = "<group>";
		};
		1DD25A851E822E00007F0BFF /* MVC */ = {
			isa = PBXGroup;
			children = (
				1DD25A891E822E00007F0BFF /* Modals */,
				1DD25A861E822E00007F0BFF /* Controllers */,
				1DD25A8A1E822E00007F0BFF /* Views */,
			);
			path = MVC;
			sourceTree = "<group>";
		};
		1DD25A861E822E00007F0BFF /* Controllers */ = {
			isa = PBXGroup;
			children = (
				1D6713DB1E8A6AE800561EFC /* Accounts */,
				1DD25A871E822E00007F0BFF /* Main */,
			);
			path = Controllers;
			sourceTree = "<group>";
		};
		1DD25A871E822E00007F0BFF /* Main */ = {
			isa = PBXGroup;
			children = (
				1DD25A881E822E00007F0BFF /* ViewController.swift */,
			);
			path = Main;
			sourceTree = "<group>";
		};
		1DD25A891E822E00007F0BFF /* Modals */ = {
			isa = PBXGroup;
			children = (
			);
			path = Modals;
			sourceTree = "<group>";
		};
		1DD25A8A1E822E00007F0BFF /* Views */ = {
			isa = PBXGroup;
			children = (
				1DD25A8D1E822E00007F0BFF /* Main */,
				1DD25A8B1E822E00007F0BFF /* Launch */,
			);
			path = Views;
			sourceTree = "<group>";
		};
		1DD25A8B1E822E00007F0BFF /* Launch */ = {
			isa = PBXGroup;
			children = (
				1DD25A8C1E822E00007F0BFF /* LaunchScreen.storyboard */,
			);
			path = Launch;
			sourceTree = "<group>";
		};
		1DD25A8D1E822E00007F0BFF /* Main */ = {
			isa = PBXGroup;
			children = (
				1DD25A8E1E822E00007F0BFF /* Main.storyboard */,
			);
			path = Main;
			sourceTree = "<group>";
		};
		1DD25A971E822E8A007F0BFF /* APIHandler */ = {
			isa = PBXGroup;
			children = (
			);
			path = APIHandler;
			sourceTree = "<group>";
		};
		1DD25A9D1E825611007F0BFF /* Alerts */ = {
			isa = PBXGroup;
			children = (
				1DD25A9E1E825611007F0BFF /* AlertSwitch.swift */,
			);
			path = Alerts;
			sourceTree = "<group>";
		};
		1DE0CD021E8401DC003C1136 /* Classes */ = {
			isa = PBXGroup;
			children = (
				1DE0CD031E8401DC003C1136 /* ClassRippleEffect */,
			);
			path = Classes;
			sourceTree = "<group>";
		};
		1DE0CD031E8401DC003C1136 /* ClassRippleEffect */ = {
			isa = PBXGroup;
			children = (
				1DE0CD041E8401DC003C1136 /* ZFRippleButton.swift */,
			);
			path = ClassRippleEffect;
			sourceTree = "<group>";
		};
		1DEFB5A81E8A0E120073BE43 /* Cells */ = {
			isa = PBXGroup;
			children = (
				1D6713DE1E8A6AF800561EFC /* CollectionCells */,
				1D6713E71E8A6AF800561EFC /* TableCells */,
			);
			path = Cells;
			sourceTree = "<group>";
		};
		726F90A60B0D083731E476E1 /* Frameworks */ = {
			isa = PBXGroup;
			children = (
				A8E7641879453CCBA6F788B9 /* Pods_SampleReferenceProject.framework */,
			);
			name = Frameworks;
			sourceTree = "<group>";
		};
		DB1531A189CFC3207BE87466 /* Pods */ = {
			isa = PBXGroup;
			children = (
				503B1C1E5A8906E3A30632DC /* Pods-SampleReferenceProject.debug.xcconfig */,
				E2C17A434ABD78752EF17E57 /* Pods-SampleReferenceProject.release.xcconfig */,
			);
			name = Pods;
			sourceTree = "<group>";
		};
/* End PBXGroup section */

/* Begin PBXNativeTarget section */
		1DD25A611E8223CA007F0BFF /* SampleReferenceProject */ = {
			isa = PBXNativeTarget;
			buildConfigurationList = 1DD25A771E8223CB007F0BFF /* Build configuration list for PBXNativeTarget "SampleReferenceProject" */;
			buildPhases = (
				030992D08681B522D970743F /* [CP] Check Pods Manifest.lock */,
				1DD25A5E1E8223CA007F0BFF /* Sources */,
				1DD25A5F1E8223CA007F0BFF /* Frameworks */,
				1DD25A601E8223CA007F0BFF /* Resources */,
				65A21A75125B2672FEC387F5 /* [CP] Embed Pods Frameworks */,
				984F9F10131D6336EF530F4D /* [CP] Copy Pods Resources */,
			);
			buildRules = (
			);
			dependencies = (
			);
			name = SampleReferenceProject;
			productName = SampleReferenceProject;
			productReference = 1DD25A621E8223CB007F0BFF /* SampleReferenceProject.app */;
			productType = "com.apple.product-type.application";
		};
/* End PBXNativeTarget section */

/* Begin PBXProject section */
		1DD25A5A1E8223CA007F0BFF /* Project object */ = {
			isa = PBXProject;
			attributes = {
				LastSwiftUpdateCheck = 0820;
				LastUpgradeCheck = 0820;
				ORGANIZATIONNAME = "code-brew";
				TargetAttributes = {
					1DD25A611E8223CA007F0BFF = {
						CreatedOnToolsVersion = 8.2.1;
						ProvisioningStyle = Automatic;
					};
				};
			};
			buildConfigurationList = 1DD25A5D1E8223CA007F0BFF /* Build configuration list for PBXProject "SampleReferenceProject" */;
			compatibilityVersion = "Xcode 3.2";
			developmentRegion = English;
			hasScannedForEncodings = 0;
			knownRegions = (
				en,
				Base,
			);
			mainGroup = 1DD25A591E8223CA007F0BFF;
			productRefGroup = 1DD25A631E8223CB007F0BFF /* Products */;
			projectDirPath = "";
			projectRoot = "";
			targets = (
				1DD25A611E8223CA007F0BFF /* SampleReferenceProject */,
			);
		};
/* End PBXProject section */

/* Begin PBXResourcesBuildPhase section */
		1DD25A601E8223CA007F0BFF /* Resources */ = {
			isa = PBXResourcesBuildPhase;
			buildActionMask = 2147483647;
			files = (
				1D6714071E8A6AF800561EFC /* ThirdCafesTableViewCell.xib in Resources */,
				1D6714011E8A6AF800561EFC /* FourthDeliveryRestaurantsTableViewCell.xib in Resources */,
				1D6713FD1E8A6AF800561EFC /* FifthDineRestaurantsTableViewCell.xib in Resources */,
				1DD25A911E822E00007F0BFF /* LaunchScreen.storyboard in Resources */,
				1D6713FF1E8A6AF800561EFC /* FirstOrderNBrowseTableViewCell.xib in Resources */,
				1D6713F71E8A6AF800561EFC /* CafesCollectionViewCell.xib in Resources */,
				1D6714031E8A6AF800561EFC /* SecondRecommendedTableViewCell.xib in Resources */,
				1D6713F91E8A6AF800561EFC /* DineRestuarantsCollectionViewCell.xib in Resources */,
				1DD25A701E8223CB007F0BFF /* Assets.xcassets in Resources */,
				1D6713FB1E8A6AF800561EFC /* RecommendedCollectionViewCell.xib in Resources */,
				1DD25A921E822E00007F0BFF /* Main.storyboard in Resources */,
				1D6714051E8A6AF800561EFC /* SixthDessertsTableViewCell.xib in Resources */,
			);
			runOnlyForDeploymentPostprocessing = 0;
		};
/* End PBXResourcesBuildPhase section */

/* Begin PBXShellScriptBuildPhase section */
		030992D08681B522D970743F /* [CP] Check Pods Manifest.lock */ = {
			isa = PBXShellScriptBuildPhase;
			buildActionMask = 2147483647;
			files = (
			);
			inputPaths = (
			);
			name = "[CP] Check Pods Manifest.lock";
			outputPaths = (
			);
			runOnlyForDeploymentPostprocessing = 0;
			shellPath = /bin/sh;
			shellScript = "diff \"${PODS_ROOT}/../Podfile.lock\" \"${PODS_ROOT}/Manifest.lock\" > /dev/null\nif [ $? != 0 ] ; then\n    # print error to STDERR\n    echo \"error: The sandbox is not in sync with the Podfile.lock. Run 'pod install' or update your CocoaPods installation.\" >&2\n    exit 1\nfi\n";
			showEnvVarsInLog = 0;
		};
		65A21A75125B2672FEC387F5 /* [CP] Embed Pods Frameworks */ = {
			isa = PBXShellScriptBuildPhase;
			buildActionMask = 2147483647;
			files = (
			);
			inputPaths = (
			);
			name = "[CP] Embed Pods Frameworks";
			outputPaths = (
			);
			runOnlyForDeploymentPostprocessing = 0;
			shellPath = /bin/sh;
			shellScript = "\"${SRCROOT}/Pods/Target Support Files/Pods-SampleReferenceProject/Pods-SampleReferenceProject-frameworks.sh\"\n";
			showEnvVarsInLog = 0;
		};
		984F9F10131D6336EF530F4D /* [CP] Copy Pods Resources */ = {
			isa = PBXShellScriptBuildPhase;
			buildActionMask = 2147483647;
			files = (
			);
			inputPaths = (
			);
			name = "[CP] Copy Pods Resources";
			outputPaths = (
			);
			runOnlyForDeploymentPostprocessing = 0;
			shellPath = /bin/sh;
			shellScript = "\"${SRCROOT}/Pods/Target Support Files/Pods-SampleReferenceProject/Pods-SampleReferenceProject-resources.sh\"\n";
			showEnvVarsInLog = 0;
		};
/* End PBXShellScriptBuildPhase section */

/* Begin PBXSourcesBuildPhase section */
		1DD25A5E1E8223CA007F0BFF /* Sources */ = {
			isa = PBXSourcesBuildPhase;
			buildActionMask = 2147483647;
			files = (
				1D6713FE1E8A6AF800561EFC /* FirstOrderNBrowseTableViewCell.swift in Sources */,
				1D6714041E8A6AF800561EFC /* SixthDessertsTableViewCell.swift in Sources */,
				1D6714021E8A6AF800561EFC /* SecondRecommendedTableViewCell.swift in Sources */,
				1D6713FA1E8A6AF800561EFC /* RecommendedCollectionViewCell.swift in Sources */,
				1D6714061E8A6AF800561EFC /* ThirdCafesTableViewCell.swift in Sources */,
				1DD25A9F1E825611007F0BFF /* AlertSwitch.swift in Sources */,
				1D6713FC1E8A6AF800561EFC /* FifthDineRestaurantsTableViewCell.swift in Sources */,
				1DD25AA11E825617007F0BFF /* AlertEnums.swift in Sources */,
				1DD25A901E822E00007F0BFF /* ViewController.swift in Sources */,
				1D6714151E8A8ABC00561EFC /* SectionMenuTableViewCell.swift in Sources */,
				1D6713F61E8A6AF800561EFC /* CafesCollectionViewCell.swift in Sources */,
				1DD25A8F1E822E00007F0BFF /* AppDelegate.swift in Sources */,
				1D6714001E8A6AF800561EFC /* FourthDeliveryRestaurantsTableViewCell.swift in Sources */,
				1D6713F81E8A6AF800561EFC /* DineRestuarantsCollectionViewCell.swift in Sources */,
				1DD25A941E822E2C007F0BFF /* enums.swift in Sources */,
				1DD25A961E822E37007F0BFF /* validation.swift in Sources */,
				1D6714171E8A8B3100561EFC /* HeaderTableViewCell.swift in Sources */,
				1DD25A6E1E8223CB007F0BFF /* SampleReferenceProject.xcdatamodeld in Sources */,
				1D6713DD1E8A6AE800561EFC /* AccountsViewController.swift in Sources */,
				1DE0CD051E8401DC003C1136 /* ZFRippleButton.swift in Sources */,
			);
			runOnlyForDeploymentPostprocessing = 0;
		};
/* End PBXSourcesBuildPhase section */

/* Begin XCBuildConfiguration section */
		1DD25A751E8223CB007F0BFF /* Debug */ = {
			isa = XCBuildConfiguration;
			buildSettings = {
				ALWAYS_SEARCH_USER_PATHS = NO;
				CLANG_ANALYZER_NONNULL = YES;
				CLANG_CXX_LANGUAGE_STANDARD = "gnu++0x";
				CLANG_CXX_LIBRARY = "libc++";
				CLANG_ENABLE_MODULES = YES;
				CLANG_ENABLE_OBJC_ARC = YES;
				CLANG_WARN_BOOL_CONVERSION = YES;
				CLANG_WARN_CONSTANT_CONVERSION = YES;
				CLANG_WARN_DIRECT_OBJC_ISA_USAGE = YES_ERROR;
				CLANG_WARN_DOCUMENTATION_COMMENTS = YES;
				CLANG_WARN_EMPTY_BODY = YES;
				CLANG_WARN_ENUM_CONVERSION = YES;
				CLANG_WARN_INFINITE_RECURSION = YES;
				CLANG_WARN_INT_CONVERSION = YES;
				CLANG_WARN_OBJC_ROOT_CLASS = YES_ERROR;
				CLANG_WARN_SUSPICIOUS_MOVE = YES;
				CLANG_WARN_UNREACHABLE_CODE = YES;
				CLANG_WARN__DUPLICATE_METHOD_MATCH = YES;
				"CODE_SIGN_IDENTITY[sdk=iphoneos*]" = "iPhone Developer";
				COPY_PHASE_STRIP = NO;
				DEBUG_INFORMATION_FORMAT = dwarf;
				ENABLE_STRICT_OBJC_MSGSEND = YES;
				ENABLE_TESTABILITY = YES;
				GCC_C_LANGUAGE_STANDARD = gnu99;
				GCC_DYNAMIC_NO_PIC = NO;
				GCC_NO_COMMON_BLOCKS = YES;
				GCC_OPTIMIZATION_LEVEL = 0;
				GCC_PREPROCESSOR_DEFINITIONS = (
					"DEBUG=1",
					"$(inherited)",
				);
				GCC_WARN_64_TO_32_BIT_CONVERSION = YES;
				GCC_WARN_ABOUT_RETURN_TYPE = YES_ERROR;
				GCC_WARN_UNDECLARED_SELECTOR = YES;
				GCC_WARN_UNINITIALIZED_AUTOS = YES_AGGRESSIVE;
				GCC_WARN_UNUSED_FUNCTION = YES;
				GCC_WARN_UNUSED_VARIABLE = YES;
				IPHONEOS_DEPLOYMENT_TARGET = 10.2;
				MTL_ENABLE_DEBUG_INFO = YES;
				ONLY_ACTIVE_ARCH = YES;
				SDKROOT = iphoneos;
				SWIFT_ACTIVE_COMPILATION_CONDITIONS = DEBUG;
				SWIFT_OPTIMIZATION_LEVEL = "-Onone";
			};
			name = Debug;
		};
		1DD25A761E8223CB007F0BFF /* Release */ = {
			isa = XCBuildConfiguration;
			buildSettings = {
				ALWAYS_SEARCH_USER_PATHS = NO;
				CLANG_ANALYZER_NONNULL = YES;
				CLANG_CXX_LANGUAGE_STANDARD = "gnu++0x";
				CLANG_CXX_LIBRARY = "libc++";
				CLANG_ENABLE_MODULES = YES;
				CLANG_ENABLE_OBJC_ARC = YES;
				CLANG_WARN_BOOL_CONVERSION = YES;
				CLANG_WARN_CONSTANT_CONVERSION = YES;
				CLANG_WARN_DIRECT_OBJC_ISA_USAGE = YES_ERROR;
				CLANG_WARN_DOCUMENTATION_COMMENTS = YES;
				CLANG_WARN_EMPTY_BODY = YES;
				CLANG_WARN_ENUM_CONVERSION = YES;
				CLANG_WARN_INFINITE_RECURSION = YES;
				CLANG_WARN_INT_CONVERSION = YES;
				CLANG_WARN_OBJC_ROOT_CLASS = YES_ERROR;
				CLANG_WARN_SUSPICIOUS_MOVE = YES;
				CLANG_WARN_UNREACHABLE_CODE = YES;
				CLANG_WARN__DUPLICATE_METHOD_MATCH = YES;
				"CODE_SIGN_IDENTITY[sdk=iphoneos*]" = "iPhone Developer";
				COPY_PHASE_STRIP = NO;
				DEBUG_INFORMATION_FORMAT = "dwarf-with-dsym";
				ENABLE_NS_ASSERTIONS = NO;
				ENABLE_STRICT_OBJC_MSGSEND = YES;
				GCC_C_LANGUAGE_STANDARD = gnu99;
				GCC_NO_COMMON_BLOCKS = YES;
				GCC_WARN_64_TO_32_BIT_CONVERSION = YES;
				GCC_WARN_ABOUT_RETURN_TYPE = YES_ERROR;
				GCC_WARN_UNDECLARED_SELECTOR = YES;
				GCC_WARN_UNINITIALIZED_AUTOS = YES_AGGRESSIVE;
				GCC_WARN_UNUSED_FUNCTION = YES;
				GCC_WARN_UNUSED_VARIABLE = YES;
				IPHONEOS_DEPLOYMENT_TARGET = 10.2;
				MTL_ENABLE_DEBUG_INFO = NO;
				SDKROOT = iphoneos;
				SWIFT_OPTIMIZATION_LEVEL = "-Owholemodule";
				VALIDATE_PRODUCT = YES;
			};
			name = Release;
		};
		1DD25A781E8223CB007F0BFF /* Debug */ = {
			isa = XCBuildConfiguration;
			baseConfigurationReference = 503B1C1E5A8906E3A30632DC /* Pods-SampleReferenceProject.debug.xcconfig */;
			buildSettings = {
				ASSETCATALOG_COMPILER_APPICON_NAME = AppIcon;
				INFOPLIST_FILE = SampleReferenceProject/SupportingFiles/Info.plist;
				LD_RUNPATH_SEARCH_PATHS = "$(inherited) @executable_path/Frameworks";
				PRODUCT_BUNDLE_IDENTIFIER = "code-brew.SampleReferenceProject";
				PRODUCT_NAME = "$(TARGET_NAME)";
				SWIFT_VERSION = 3.0;
			};
			name = Debug;
		};
		1DD25A791E8223CB007F0BFF /* Release */ = {
			isa = XCBuildConfiguration;
			baseConfigurationReference = E2C17A434ABD78752EF17E57 /* Pods-SampleReferenceProject.release.xcconfig */;
			buildSettings = {
				ASSETCATALOG_COMPILER_APPICON_NAME = AppIcon;
				INFOPLIST_FILE = SampleReferenceProject/SupportingFiles/Info.plist;
				LD_RUNPATH_SEARCH_PATHS = "$(inherited) @executable_path/Frameworks";
				PRODUCT_BUNDLE_IDENTIFIER = "code-brew.SampleReferenceProject";
				PRODUCT_NAME = "$(TARGET_NAME)";
				SWIFT_VERSION = 3.0;
			};
			name = Release;
		};
/* End XCBuildConfiguration section */

/* Begin XCConfigurationList section */
		1DD25A5D1E8223CA007F0BFF /* Build configuration list for PBXProject "SampleReferenceProject" */ = {
			isa = XCConfigurationList;
			buildConfigurations = (
				1DD25A751E8223CB007F0BFF /* Debug */,
				1DD25A761E8223CB007F0BFF /* Release */,
			);
			defaultConfigurationIsVisible = 0;
			defaultConfigurationName = Release;
		};
		1DD25A771E8223CB007F0BFF /* Build configuration list for PBXNativeTarget "SampleReferenceProject" */ = {
			isa = XCConfigurationList;
			buildConfigurations = (
				1DD25A781E8223CB007F0BFF /* Debug */,
				1DD25A791E8223CB007F0BFF /* Release */,
			);
			defaultConfigurationIsVisible = 0;
			defaultConfigurationName = Release;
		};
/* End XCConfigurationList section */

/* Begin XCVersionGroup section */
		1DD25A6C1E8223CB007F0BFF /* SampleReferenceProject.xcdatamodeld */ = {
			isa = XCVersionGroup;
			children = (
				1DD25A6D1E8223CB007F0BFF /* SampleReferenceProject.xcdatamodel */,
			);
			currentVersion = 1DD25A6D1E8223CB007F0BFF /* SampleReferenceProject.xcdatamodel */;
			path = SampleReferenceProject.xcdatamodeld;
			sourceTree = "<group>";
			versionGroupType = wrapper.xcdatamodel;
		};
/* End XCVersionGroup section */
	};
	rootObject = 1DD25A5A1E8223CA007F0BFF /* Project object */;
}
